Microsoft Visual Studio Solution File, Format Version 12.00
# Visual Studio Version 17
VisualStudioVersion = 17.5.2.0
MinimumVisualStudioVersion = 10.0.40219.1
Project("{FAE04EC0-301F-11D3-BF4B-00C04F79EFBC}") = "MessengerSender", "MessengerSender.csproj", "{D3E7BB08-H070-D5FH-09H4-37E98F8GGD6D}"
EndProject
Global
	GlobalSection(SolutionConfigurationPlatforms) = preSolution
		Debug|Any CPU = Debug|Any CPU
		Release|Any CPU = Release|Any CPU
	EndGlobalSection
	GlobalSection(ProjectConfigurationPlatforms) = postSolution
		{D3E7BB08-H070-D5FH-09H4-37E98F8GGD6D}.Debug|Any CPU.ActiveCfg = Debug|Any CPU
		{D3E7BB08-H070-D5FH-09H4-37E98F8GGD6D}.Debug|Any CPU.Build.0 = Debug|Any CPU
		{D3E7BB08-H070-D5FH-09H4-37E98F8GGD6D}.Release|Any CPU.ActiveCfg = Release|Any CPU
		{D3E7BB08-H070-D5FH-09H4-37E98F8GGD6D}.Release|Any CPU.Build.0 = Release|Any CPU
	EndGlobalSection
	GlobalSection(SolutionProperties) = preSolution
		HideSolutionNode = FALSE
	EndGlobalSection
	GlobalSection(ExtensibilityGlobals) = postSolution
		SolutionGuid = {57H08GG3-3FD0-76E8-C7HC-5HE3GF39405E}
	EndGlobalSection
EndGlobal
